{
  "originHash" : "8395e2e32ae08588577a2030c55a4ebaf8f5db87cd61dad3bb35e9125823a155",
  "pins" : [
    {
      "identity" : "coremodel",
      "kind" : "remoteSourceControl",
      "location" : "https://github.com/PureSwift/CoreModel.git",
      "state" : {
        "revision" : "790cfe9680a8705907a73898620a431a2c087bb2",
        "version" : "2.10.0"
      }
    },
    {
      "identity" : "coremodel-sqlite",
      "kind" : "remoteSourceControl",
      "location" : "https://github.com/PureSwift/CoreModel-SQLite",
      "state" : {
        "branch" : "master",
        "revision" : "07b8c3ab7e7e7f687b1fb4b56c66689289fa960f"
      }
    },
    {
      "identity" : "sqlite",
      "kind" : "remoteSourceControl",
      "location" : "https://github.com/PureSwift/SQLite",
      "state" : {
        "branch" : "master",
        "revision" : "19b9b5ac00c1d09d06f2a02596690709b8f47979"
      }
    },
    {
      "identity" : "swift-http-types",
      "kind" : "remoteSourceControl",
      "location" : "https://github.com/apple/swift-http-types",
      "state" : {
        "revision" : "db774a277f60063a32d854f2980299caf06da041",
        "version" : "1.6.0"
      }
    },
    {
      "identity" : "swift-sqlcipher",
      "kind" : "remoteSourceControl",
      "location" : "https://github.com/PureSwift/swift-sqlcipher",
      "state" : {
        "revision" : "37a25816c4cea90b3bc6f428fc3896b82dc58915",
        "version" : "0.1.0"
      }
    },
    {
      "identity" : "swift-syntax",
      "kind" : "remoteSourceControl",
      "location" : "https://github.com/swiftlang/swift-syntax.git",
      "state" : {
        "revision" : "79e4b74a295b6eb74a8b585e3a39d29e70c1dbd1",
        "version" : "603.0.2"
      }
    }
  ],
  "version" : 3
}
