{
  "originHash" : "ae67c925eac9e608b98b4e093b38306b034561f37f304f5766fbef0d6f015405",
  "pins" : [
    {
      "identity" : "coremodel",
      "kind" : "remoteSourceControl",
      "location" : "https://github.com/PureSwift/CoreModel.git",
      "state" : {
        "revision" : "2fc6856cd47d376acd50e66e8c798894a4b5ffe3",
        "version" : "2.8.1"
      }
    },
    {
      "identity" : "swift-http-types",
      "kind" : "remoteSourceControl",
      "location" : "https://github.com/apple/swift-http-types",
      "state" : {
        "revision" : "db774a277f60063a32d854f2980299caf06da041",
        "version" : "1.6.0"
      }
    }
  ],
  "version" : 3
}
